
Microsoft Visual Studio Solution File, Format Version 12.00
# Visual Studio Version 16
VisualStudioVersion = 16.0.30204.135
MinimumVisualStudioVersion = 10.0.40219.1
Project("{FAE04EC0-301F-11D3-BF4B-00C04F79EFBC}") = "MultithreadingLongReading", "MultithreadingLongReading\MultithreadingLongReading.csproj", "{7A680373-294E-4572-A0C6-CF37ABDB576D}"
EndProject
Global
	GlobalSection(SolutionConfigurationPlatforms) = preSolution
		Debug|Any CPU = Debug|Any CPU
		Release|Any CPU = Release|Any CPU
	EndGlobalSection
	GlobalSection(ProjectConfigurationPlatforms) = postSolution
		{7A680373-294E-4572-A0C6-CF37ABDB576D}.Debug|Any CPU.ActiveCfg = Debug|Any CPU
		{7A680373-294E-4572-A0C6-CF37ABDB576D}.Debug|Any CPU.Build.0 = Debug|Any CPU
		{7A680373-294E-4572-A0C6-CF37ABDB576D}.Release|Any CPU.ActiveCfg = Release|Any CPU
		{7A680373-294E-4572-A0C6-CF37ABDB576D}.Release|Any CPU.Build.0 = Release|Any CPU
	EndGlobalSection
	GlobalSection(SolutionProperties) = preSolution
		HideSolutionNode = FALSE
	EndGlobalSection
	GlobalSection(ExtensibilityGlobals) = postSolution
		SolutionGuid = {2FCC295D-810E-4EB7-AC36-3A78A47098A1}
	EndGlobalSection
EndGlobal
